// !$*UTF8*$!
{
	archiveVersion = 1;
	classes = {
	};
	objectVersion = 50;
	objects = {

/* Begin PBXBuildFile section */
		04357762251B1CFC00A50C0D /* AppDelegate.swift in Sources */ = {isa = PBXBuildFile; fileRef = 04357761251B1CFC00A50C0D /* AppDelegate.swift */; };
		04357764251B1CFC00A50C0D /* SceneDelegate.swift in Sources */ = {isa = PBXBuildFile; fileRef = 04357763251B1CFC00A50C0D /* SceneDelegate.swift */; };
		04357766251B1CFC00A50C0D /* ViewController.swift in Sources */ = {isa = PBXBuildFile; fileRef = 04357765251B1CFC00A50C0D /* ViewController.swift */; };
		04357769251B1CFC00A50C0D /* Main.storyboard in Resources */ = {isa = PBXBuildFile; fileRef = 04357767251B1CFC00A50C0D /* Main.storyboard */; };
		0435776B251B1CFF00A50C0D /* Assets.xcassets in Resources */ = {isa = PBXBuildFile; fileRef = 0435776A251B1CFF00A50C0D /* Assets.xcassets */; };
		0435776E251B1CFF00A50C0D /* LaunchScreen.storyboard in Resources */ = {isa = PBXBuildFile; fileRef = 0435776C251B1CFF00A50C0D /* LaunchScreen.storyboard */; };
		04357777251B1D3800A50C0D /* DetailViewController.swift in Sources */ = {isa = PBXBuildFile; fileRef = 04357775251B1D3800A50C0D /* DetailViewController.swift */; };
		04357778251B1D3800A50C0D /* DetailViewController.xib in Resources */ = {isa = PBXBuildFile; fileRef = 04357776251B1D3800A50C0D /* DetailViewController.xib */; };
		0435777A251B240D00A50C0D /* Page1ViewController.swift in Sources */ = {isa = PBXBuildFile; fileRef = 04357779251B240D00A50C0D /* Page1ViewController.swift */; };
		0435777C251B241A00A50C0D /* Page2ViewController.swift in Sources */ = {isa = PBXBuildFile; fileRef = 0435777B251B241A00A50C0D /* Page2ViewController.swift */; };
/* End PBXBuildFile section */

/* Begin PBXFileReference section */
		0435775E251B1CFC00A50C0D /* xibprac.app */ = {isa = PBXFileReference; explicitFileType = wrapper.application; includeInIndex = 0; path = xibprac.app; sourceTree = BUILT_PRODUCTS_DIR; };
		04357761251B1CFC00A50C0D /* AppDelegate.swift */ = {isa = PBXFileReference; lastKnownFileType = sourcecode.swift; path = AppDelegate.swift; sourceTree = "<group>"; };
		04357763251B1CFC00A50C0D /* SceneDelegate.swift */ = {isa = PBXFileReference; lastKnownFileType = sourcecode.swift; path = SceneDelegate.swift; sourceTree = "<group>"; };
		04357765251B1CFC00A50C0D /* ViewController.swift */ = {isa = PBXFileReference; lastKnownFileType = sourcecode.swift; path = ViewController.swift; sourceTree = "<group>"; };
		04357768251B1CFC00A50C0D /* Base */ = {isa = PBXFileReference; lastKnownFileType = file.storyboard; name = Base; path = Base.lproj/Main.storyboard; sourceTree = "<group>"; };
		0435776A251B1CFF00A50C0D /* Assets.xcassets */ = {isa = PBXFileReference; lastKnownFileType = folder.assetcatalog; path = Assets.xcassets; sourceTree = "<group>"; };
		0435776D251B1CFF00A50C0D /* Base */ = {isa = PBXFileReference; lastKnownFileType = file.storyboard; name = Base; path = Base.lproj/LaunchScreen.storyboard; sourceTree = "<group>"; };
		0435776F251B1CFF00A50C0D /* Info.plist */ = {isa = PBXFileReference; lastKnownFileType = text.plist.xml; path = Info.plist; sourceTree = "<group>"; };
		04357775251B1D3800A50C0D /* DetailViewController.swift */ = {isa = PBXFileReference; lastKnownFileType = sourcecode.swift; path = DetailViewController.swift; sourceTree = "<group>"; };
		04357776251B1D3800A50C0D /* DetailViewController.xib */ = {isa = PBXFileReference; lastKnownFileType = file.xib; path = DetailViewController.xib; sourceTree = "<group>"; };
		04357779251B240D00A50C0D /* Page1ViewController.swift */ = {isa = PBXFileReference; lastKnownFileType = sourcecode.swift; path = Page1ViewController.swift; sourceTree = "<group>"; };
		0435777B251B241A00A50C0D /* Page2ViewController.swift */ = {isa = PBXFileReference; lastKnownFileType = sourcecode.swift; path = Page2ViewController.swift; sourceTree = "<group>"; };
/* End PBXFileReference section */

/* Begin PBXFrameworksBuildPhase section */
		0435775B251B1CFC00A50C0D /* Frameworks */ = {
			isa = PBXFrameworksBuildPhase;
			buildActionMask = 2147483647;
			files = (
			);
			runOnlyForDeploymentPostprocessing = 0;
		};
/* End PBXFrameworksBuildPhase section */

/* Begin PBXGroup section */
		04357755251B1CFC00A50C0D = {
			isa = PBXGroup;
			children = (
				04357760251B1CFC00A50C0D /* xibprac */,
				0435775F251B1CFC00A50C0D /* Products */,
			);
			sourceTree = "<group>";
		};
		0435775F251B1CFC00A50C0D /* Products */ = {
			isa = PBXGroup;
			children = (
				0435775E251B1CFC00A50C0D /* xibprac.app */,
			);
			name = Products;
			sourceTree = "<group>";
		};
		04357760251B1CFC00A50C0D /* xibprac */ = {
			isa = PBXGroup;
			children = (
				04357761251B1CFC00A50C0D /* AppDelegate.swift */,
				04357763251B1CFC00A50C0D /* SceneDelegate.swift */,
				04357765251B1CFC00A50C0D /* ViewController.swift */,
				04357767251B1CFC00A50C0D /* Main.storyboard */,
				0435776A251B1CFF00A50C0D /* Assets.xcassets */,
				0435776C251B1CFF00A50C0D /* LaunchScreen.storyboard */,
				0435776F251B1CFF00A50C0D /* Info.plist */,
				04357775251B1D3800A50C0D /* DetailViewController.swift */,
				04357776251B1D3800A50C0D /* DetailViewController.xib */,
				04357779251B240D00A50C0D /* Page1ViewController.swift */,
				0435777B251B241A00A50C0D /* Page2ViewController.swift */,
			);
			path = xibprac;
			sourceTree = "<group>";
		};
/* End PBXGroup section */

/* Begin PBXNativeTarget section */
		0435775D251B1CFC00A50C0D /* xibprac */ = {
			isa = PBXNativeTarget;
			buildConfigurationList = 04357772251B1CFF00A50C0D /* Build configuration list for PBXNativeTarget "xibprac" */;
			buildPhases = (
				0435775A251B1CFC00A50C0D /* Sources */,
				0435775B251B1CFC00A50C0D /* Frameworks */,
				0435775C251B1CFC00A50C0D /* Resources */,
			);
			buildRules = (
			);
			dependencies = (
			);
			name = xibprac;
			productName = xibprac;
			productReference = 0435775E251B1CFC00A50C0D /* xibprac.app */;
			productType = "com.apple.product-type.application";
		};
/* End PBXNativeTarget section */

/* Begin PBXProject section */
		04357756251B1CFC00A50C0D /* Project object */ = {
			isa = PBXProject;
			attributes = {
				LastSwiftUpdateCheck = 1160;
				LastUpgradeCheck = 1160;
				ORGANIZATIONNAME = Jillou;
				TargetAttributes = {
					0435775D251B1CFC00A50C0D = {
						CreatedOnToolsVersion = 11.6;
					};
				};
			};
			buildConfigurationList = 04357759251B1CFC00A50C0D /* Build configuration list for PBXProject "xibprac" */;
			compatibilityVersion = "Xcode 9.3";
			developmentRegion = en;
			hasScannedForEncodings = 0;
			knownRegions = (
				en,
				Base,
			);
			mainGroup = 04357755251B1CFC00A50C0D;
			productRefGroup = 0435775F251B1CFC00A50C0D /* Products */;
			projectDirPath = "";
			projectRoot = "";
			targets = (
				0435775D251B1CFC00A50C0D /* xibprac */,
			);
		};
/* End PBXProject section */

/* Begin PBXResourcesBuildPhase section */
		0435775C251B1CFC00A50C0D /* Resources */ = {
			isa = PBXResourcesBuildPhase;
			buildActionMask = 2147483647;
			files = (
				0435776E251B1CFF00A50C0D /* LaunchScreen.storyboard in Resources */,
				0435776B251B1CFF00A50C0D /* Assets.xcassets in Resources */,
				04357769251B1CFC00A50C0D /* Main.storyboard in Resources */,
				04357778251B1D3800A50C0D /* DetailViewController.xib in Resources */,
			);
			runOnlyForDeploymentPostprocessing = 0;
		};
/* End PBXResourcesBuildPhase section */

/* Begin PBXSourcesBuildPhase section */
		0435775A251B1CFC00A50C0D /* Sources */ = {
			isa = PBXSourcesBuildPhase;
			buildActionMask = 2147483647;
			files = (
				04357766251B1CFC00A50C0D /* ViewController.swift in Sources */,
				0435777A251B240D00A50C0D /* Page1ViewController.swift in Sources */,
				04357762251B1CFC00A50C0D /* AppDelegate.swift in Sources */,
				04357764251B1CFC00A50C0D /* SceneDelegate.swift in Sources */,
				0435777C251B241A00A50C0D /* Page2ViewController.swift in Sources */,
				04357777251B1D3800A50C0D /* DetailViewController.swift in Sources */,
			);
			runOnlyForDeploymentPostprocessing = 0;
		};
/* End PBXSourcesBuildPhase section */

/* Begin PBXVariantGroup section */
		04357767251B1CFC00A50C0D /* Main.storyboard */ = {
			isa = PBXVariantGroup;
			children = (
				04357768251B1CFC00A50C0D /* Base */,
			);
			name = Main.storyboard;
			sourceTree = "<group>";
		};
		0435776C251B1CFF00A50C0D /* LaunchScreen.storyboard */ = {
			isa = PBXVariantGroup;
			children = (
				0435776D251B1CFF00A50C0D /* Base */,
			);
			name = LaunchScreen.storyboard;
			sourceTree = "<group>";
		};
/* End PBXVariantGroup section */

/* Begin XCBuildConfiguration section */
		04357770251B1CFF00A50C0D /* Debug */ = {
			isa = XCBuildConfiguration;
			buildSettings = {
				ALWAYS_SEARCH_USER_PATHS = NO;
				CLANG_ANALYZER_NONNULL = YES;
				CLANG_ANALYZER_NUMBER_OBJECT_CONVERSION = YES_AGGRESSIVE;
				CLANG_CXX_LANGUAGE_STANDARD = "gnu++14";
				CLANG_CXX_LIBRARY = "libc++";
				CLANG_ENABLE_MODULES = YES;
				CLANG_ENABLE_OBJC_ARC = YES;
				CLANG_ENABLE_OBJC_WEAK = YES;
				CLANG_WARN_BLOCK_CAPTURE_AUTORELEASING = YES;
				CLANG_WARN_BOOL_CONVERSION = YES;
				CLANG_WARN_COMMA = YES;
				CLANG_WARN_CONSTANT_CONVERSION = YES;
				CLANG_WARN_DEPRECATED_OBJC_IMPLEMENTATIONS = YES;
				CLANG_WARN_DIRECT_OBJC_ISA_USAGE = YES_ERROR;
				CLANG_WARN_DOCUMENTATION_COMMENTS = YES;
				CLANG_WARN_EMPTY_BODY = YES;
				CLANG_WARN_ENUM_CONVERSION = YES;
				CLANG_WARN_INFINITE_RECURSION = YES;
				CLANG_WARN_INT_CONVERSION = YES;
				CLANG_WARN_NON_LITERAL_NULL_CONVERSION = YES;
				CLANG_WARN_OBJC_IMPLICIT_RETAIN_SELF = YES;
				CLANG_WARN_OBJC_LITERAL_CONVERSION = YES;
				CLANG_WARN_OBJC_ROOT_CLASS = YES_ERROR;
				CLANG_WARN_RANGE_LOOP_ANALYSIS = YES;
				CLANG_WARN_STRICT_PROTOTYPES = YES;
				CLANG_WARN_SUSPICIOUS_MOVE = YES;
				CLANG_WARN_UNGUARDED_AVAILABILITY = YES_AGGRESSIVE;
				CLANG_WARN_UNREACHABLE_CODE = YES;
				CLANG_WARN__DUPLICATE_METHOD_MATCH = YES;
				COPY_PHASE_STRIP = NO;
				DEBUG_INFORMATION_FORMAT = dwarf;
				ENABLE_STRICT_OBJC_MSGSEND = YES;
				ENABLE_TESTABILITY = YES;
				GCC_C_LANGUAGE_STANDARD = gnu11;
				GCC_DYNAMIC_NO_PIC = NO;
				GCC_NO_COMMON_BLOCKS = YES;
				GCC_OPTIMIZATION_LEVEL = 0;
				GCC_PREPROCESSOR_DEFINITIONS = (
					"DEBUG=1",
					"$(inherited)",
				);
				GCC_WARN_64_TO_32_BIT_CONVERSION = YES;
				GCC_WARN_ABOUT_RETURN_TYPE = YES_ERROR;
				GCC_WARN_UNDECLARED_SELECTOR = YES;
				GCC_WARN_UNINITIALIZED_AUTOS = YES_AGGRESSIVE;
				GCC_WARN_UNUSED_FUNCTION = YES;
				GCC_WARN_UNUSED_VARIABLE = YES;
				IPHONEOS_DEPLOYMENT_TARGET = 13.6;
				MTL_ENABLE_DEBUG_INFO = INCLUDE_SOURCE;
				MTL_FAST_MATH = YES;
				ONLY_ACTIVE_ARCH = YES;
				SDKROOT = iphoneos;
				SWIFT_ACTIVE_COMPILATION_CONDITIONS = DEBUG;
				SWIFT_OPTIMIZATION_LEVEL = "-Onone";
			};
			name = Debug;
		};
		04357771251B1CFF00A50C0D /* Release */ = {
			isa = XCBuildConfiguration;
			buildSettings = {
				ALWAYS_SEARCH_USER_PATHS = NO;
				CLANG_ANALYZER_NONNULL = YES;
				CLANG_ANALYZER_NUMBER_OBJECT_CONVERSION = YES_AGGRESSIVE;
				CLANG_CXX_LANGUAGE_STANDARD = "gnu++14";
				CLANG_CXX_LIBRARY = "libc++";
				CLANG_ENABLE_MODULES = YES;
				CLANG_ENABLE_OBJC_ARC = YES;
				CLANG_ENABLE_OBJC_WEAK = YES;
				CLANG_WARN_BLOCK_CAPTURE_AUTORELEASING = YES;
				CLANG_WARN_BOOL_CONVERSION = YES;
				CLANG_WARN_COMMA = YES;
				CLANG_WARN_CONSTANT_CONVERSION = YES;
				CLANG_WARN_DEPRECATED_OBJC_IMPLEMENTATIONS = YES;
				CLANG_WARN_DIRECT_OBJC_ISA_USAGE = YES_ERROR;
				CLANG_WARN_DOCUMENTATION_COMMENTS = YES;
				CLANG_WARN_EMPTY_BODY = YES;
				CLANG_WARN_ENUM_CONVERSION = YES;
				CLANG_WARN_INFINITE_RECURSION = YES;
				CLANG_WARN_INT_CONVERSION = YES;
				CLANG_WARN_NON_LITERAL_NULL_CONVERSION = YES;
				CLANG_WARN_OBJC_IMPLICIT_RETAIN_SELF = YES;
				CLANG_WARN_OBJC_LITERAL_CONVERSION = YES;
				CLANG_WARN_OBJC_ROOT_CLASS = YES_ERROR;
				CLANG_WARN_RANGE_LOOP_ANALYSIS = YES;
				CLANG_WARN_STRICT_PROTOTYPES = YES;
				CLANG_WARN_SUSPICIOUS_MOVE = YES;
				CLANG_WARN_UNGUARDED_AVAILABILITY = YES_AGGRESSIVE;
				CLANG_WARN_UNREACHABLE_CODE = YES;
				CLANG_WARN__DUPLICATE_METHOD_MATCH = YES;
				COPY_PHASE_STRIP = NO;
				DEBUG_INFORMATION_FORMAT = "dwarf-with-dsym";
				ENABLE_NS_ASSERTIONS = NO;
				ENABLE_STRICT_OBJC_MSGSEND = YES;
				GCC_C_LANGUAGE_STANDARD = gnu11;
				GCC_NO_COMMON_BLOCKS = YES;
				GCC_WARN_64_TO_32_BIT_CONVERSION = YES;
				GCC_WARN_ABOUT_RETURN_TYPE = YES_ERROR;
				GCC_WARN_UNDECLARED_SELECTOR = YES;
				GCC_WARN_UNINITIALIZED_AUTOS = YES_AGGRESSIVE;
				GCC_WARN_UNUSED_FUNCTION = YES;
				GCC_WARN_UNUSED_VARIABLE = YES;
				IPHONEOS_DEPLOYMENT_TARGET = 13.6;
				MTL_ENABLE_DEBUG_INFO = NO;
				MTL_FAST_MATH = YES;
				SDKROOT = iphoneos;
				SWIFT_COMPILATION_MODE = wholemodule;
				SWIFT_OPTIMIZATION_LEVEL = "-O";
				VALIDATE_PRODUCT = YES;
			};
			name = Release;
		};
		04357773251B1CFF00A50C0D /* Debug */ = {
			isa = XCBuildConfiguration;
			buildSettings = {
				ASSETCATALOG_COMPILER_APPICON_NAME = AppIcon;
				CODE_SIGN_STYLE = Automatic;
				DEVELOPMENT_TEAM = YT5KL7722V;
				INFOPLIST_FILE = xibprac/Info.plist;
				LD_RUNPATH_SEARCH_PATHS = (
					"$(inherited)",
					"@executable_path/Frameworks",
				);
				PRODUCT_BUNDLE_IDENTIFIER = com.Jillou.xibprac;
				PRODUCT_NAME = "$(TARGET_NAME)";
				SWIFT_VERSION = 5.0;
				TARGETED_DEVICE_FAMILY = "1,2";
			};
			name = Debug;
		};
		04357774251B1CFF00A50C0D /* Release */ = {
			isa = XCBuildConfiguration;
			buildSettings = {
				ASSETCATALOG_COMPILER_APPICON_NAME = AppIcon;
				CODE_SIGN_STYLE = Automatic;
				DEVELOPMENT_TEAM = YT5KL7722V;
				INFOPLIST_FILE = xibprac/Info.plist;
				LD_RUNPATH_SEARCH_PATHS = (
					"$(inherited)",
					"@executable_path/Frameworks",
				);
				PRODUCT_BUNDLE_IDENTIFIER = com.Jillou.xibprac;
				PRODUCT_NAME = "$(TARGET_NAME)";
				SWIFT_VERSION = 5.0;
				TARGETED_DEVICE_FAMILY = "1,2";
			};
			name = Release;
		};
/* End XCBuildConfiguration section */

/* Begin XCConfigurationList section */
		04357759251B1CFC00A50C0D /* Build configuration list for PBXProject "xibprac" */ = {
			isa = XCConfigurationList;
			buildConfigurations = (
				04357770251B1CFF00A50C0D /* Debug */,
				04357771251B1CFF00A50C0D /* Release */,
			);
			defaultConfigurationIsVisible = 0;
			defaultConfigurationName = Release;
		};
		04357772251B1CFF00A50C0D /* Build configuration list for PBXNativeTarget "xibprac" */ = {
			isa = XCConfigurationList;
			buildConfigurations = (
				04357773251B1CFF00A50C0D /* Debug */,
				04357774251B1CFF00A50C0D /* Release */,
			);
			defaultConfigurationIsVisible = 0;
			defaultConfigurationName = Release;
		};
/* End XCConfigurationList section */
	};
	rootObject = 04357756251B1CFC00A50C0D /* Project object */;
}
